// !$*UTF8*$!
{
	archiveVersion = 1;
	classes = {
	};
	objectVersion = 50;
	objects = {

/* Begin PBXBuildFile section */
		03B42E272628B7FC00CFAE55 /* AppDelegate.swift in Sources */ = {isa = PBXBuildFile; fileRef = 03B42E262628B7FC00CFAE55 /* AppDelegate.swift */; };
		03B42E292628B7FC00CFAE55 /* SceneDelegate.swift in Sources */ = {isa = PBXBuildFile; fileRef = 03B42E282628B7FC00CFAE55 /* SceneDelegate.swift */; };
		03B42E2B2628B7FC00CFAE55 /* ViewController.swift in Sources */ = {isa = PBXBuildFile; fileRef = 03B42E2A2628B7FC00CFAE55 /* ViewController.swift */; };
		03B42E2E2628B7FC00CFAE55 /* Main.storyboard in Resources */ = {isa = PBXBuildFile; fileRef = 03B42E2C2628B7FC00CFAE55 /* Main.storyboard */; };
		03B42E302628B7FF00CFAE55 /* Assets.xcassets in Resources */ = {isa = PBXBuildFile; fileRef = 03B42E2F2628B7FF00CFAE55 /* Assets.xcassets */; };
		03B42E332628B7FF00CFAE55 /* LaunchScreen.storyboard in Resources */ = {isa = PBXBuildFile; fileRef = 03B42E312628B7FF00CFAE55 /* LaunchScreen.storyboard */; };
		03B42E3E2628B80000CFAE55 /* deleDeTests.swift in Sources */ = {isa = PBXBuildFile; fileRef = 03B42E3D2628B80000CFAE55 /* deleDeTests.swift */; };
		03B42E492628B80000CFAE55 /* deleDeUITests.swift in Sources */ = {isa = PBXBuildFile; fileRef = 03B42E482628B80000CFAE55 /* deleDeUITests.swift */; };
		03B42E5A2628BAA100CFAE55 /* opera.png in Resources */ = {isa = PBXBuildFile; fileRef = 03B42E592628BAA100CFAE55 /* opera.png */; };
/* End PBXBuildFile section */

/* Begin PBXContainerItemProxy section */
		03B42E3A2628B80000CFAE55 /* PBXContainerItemProxy */ = {
			isa = PBXContainerItemProxy;
			containerPortal = 03B42E1B2628B7FC00CFAE55 /* Project object */;
			proxyType = 1;
			remoteGlobalIDString = 03B42E222628B7FC00CFAE55;
			remoteInfo = deleDe;
		};
		03B42E452628B80000CFAE55 /* PBXContainerItemProxy */ = {
			isa = PBXContainerItemProxy;
			containerPortal = 03B42E1B2628B7FC00CFAE55 /* Project object */;
			proxyType = 1;
			remoteGlobalIDString = 03B42E222628B7FC00CFAE55;
			remoteInfo = deleDe;
		};
/* End PBXContainerItemProxy section */

/* Begin PBXFileReference section */
		03B42E232628B7FC00CFAE55 /* deleDe.app */ = {isa = PBXFileReference; explicitFileType = wrapper.application; includeInIndex = 0; path = deleDe.app; sourceTree = BUILT_PRODUCTS_DIR; };
		03B42E262628B7FC00CFAE55 /* AppDelegate.swift */ = {isa = PBXFileReference; lastKnownFileType = sourcecode.swift; path = AppDelegate.swift; sourceTree = "<group>"; };
		03B42E282628B7FC00CFAE55 /* SceneDelegate.swift */ = {isa = PBXFileReference; lastKnownFileType = sourcecode.swift; path = SceneDelegate.swift; sourceTree = "<group>"; };
		03B42E2A2628B7FC00CFAE55 /* ViewController.swift */ = {isa = PBXFileReference; lastKnownFileType = sourcecode.swift; path = ViewController.swift; sourceTree = "<group>"; };
		03B42E2D2628B7FC00CFAE55 /* Base */ = {isa = PBXFileReference; lastKnownFileType = file.storyboard; name = Base; path = Base.lproj/Main.storyboard; sourceTree = "<group>"; };
		03B42E2F2628B7FF00CFAE55 /* Assets.xcassets */ = {isa = PBXFileReference; lastKnownFileType = folder.assetcatalog; path = Assets.xcassets; sourceTree = "<group>"; };
		03B42E322628B7FF00CFAE55 /* Base */ = {isa = PBXFileReference; lastKnownFileType = file.storyboard; name = Base; path = Base.lproj/LaunchScreen.storyboard; sourceTree = "<group>"; };
		03B42E342628B7FF00CFAE55 /* Info.plist */ = {isa = PBXFileReference; lastKnownFileType = text.plist.xml; path = Info.plist; sourceTree = "<group>"; };
		03B42E392628B80000CFAE55 /* deleDeTests.xctest */ = {isa = PBXFileReference; explicitFileType = wrapper.cfbundle; includeInIndex = 0; path = deleDeTests.xctest; sourceTree = BUILT_PRODUCTS_DIR; };
		03B42E3D2628B80000CFAE55 /* deleDeTests.swift */ = {isa = PBXFileReference; lastKnownFileType = sourcecode.swift; path = deleDeTests.swift; sourceTree = "<group>"; };
		03B42E3F2628B80000CFAE55 /* Info.plist */ = {isa = PBXFileReference; lastKnownFileType = text.plist.xml; path = Info.plist; sourceTree = "<group>"; };
		03B42E442628B80000CFAE55 /* deleDeUITests.xctest */ = {isa = PBXFileReference; explicitFileType = wrapper.cfbundle; includeInIndex = 0; path = deleDeUITests.xctest; sourceTree = BUILT_PRODUCTS_DIR; };
		03B42E482628B80000CFAE55 /* deleDeUITests.swift */ = {isa = PBXFileReference; lastKnownFileType = sourcecode.swift; path = deleDeUITests.swift; sourceTree = "<group>"; };
		03B42E4A2628B80000CFAE55 /* Info.plist */ = {isa = PBXFileReference; lastKnownFileType = text.plist.xml; path = Info.plist; sourceTree = "<group>"; };
		03B42E592628BAA100CFAE55 /* opera.png */ = {isa = PBXFileReference; lastKnownFileType = image.png; path = opera.png; sourceTree = "<group>"; };
/* End PBXFileReference section */

/* Begin PBXFrameworksBuildPhase section */
		03B42E202628B7FC00CFAE55 /* Frameworks */ = {
			isa = PBXFrameworksBuildPhase;
			buildActionMask = 2147483647;
			files = (
			);
			runOnlyForDeploymentPostprocessing = 0;
		};
		03B42E362628B80000CFAE55 /* Frameworks */ = {
			isa = PBXFrameworksBuildPhase;
			buildActionMask = 2147483647;
			files = (
			);
			runOnlyForDeploymentPostprocessing = 0;
		};
		03B42E412628B80000CFAE55 /* Frameworks */ = {
			isa = PBXFrameworksBuildPhase;
			buildActionMask = 2147483647;
			files = (
			);
			runOnlyForDeploymentPostprocessing = 0;
		};
/* End PBXFrameworksBuildPhase section */

/* Begin PBXGroup section */
		03B42E1A2628B7FC00CFAE55 = {
			isa = PBXGroup;
			children = (
				03B42E252628B7FC00CFAE55 /* deleDe */,
				03B42E3C2628B80000CFAE55 /* deleDeTests */,
				03B42E472628B80000CFAE55 /* deleDeUITests */,
				03B42E242628B7FC00CFAE55 /* Products */,
			);
			sourceTree = "<group>";
		};
		03B42E242628B7FC00CFAE55 /* Products */ = {
			isa = PBXGroup;
			children = (
				03B42E232628B7FC00CFAE55 /* deleDe.app */,
				03B42E392628B80000CFAE55 /* deleDeTests.xctest */,
				03B42E442628B80000CFAE55 /* deleDeUITests.xctest */,
			);
			name = Products;
			sourceTree = "<group>";
		};
		03B42E252628B7FC00CFAE55 /* deleDe */ = {
			isa = PBXGroup;
			children = (
				03B42E262628B7FC00CFAE55 /* AppDelegate.swift */,
				03B42E282628B7FC00CFAE55 /* SceneDelegate.swift */,
				03B42E2A2628B7FC00CFAE55 /* ViewController.swift */,
				03B42E2C2628B7FC00CFAE55 /* Main.storyboard */,
				03B42E592628BAA100CFAE55 /* opera.png */,
				03B42E2F2628B7FF00CFAE55 /* Assets.xcassets */,
				03B42E312628B7FF00CFAE55 /* LaunchScreen.storyboard */,
				03B42E342628B7FF00CFAE55 /* Info.plist */,
			);
			path = deleDe;
			sourceTree = "<group>";
		};
		03B42E3C2628B80000CFAE55 /* deleDeTests */ = {
			isa = PBXGroup;
			children = (
				03B42E3D2628B80000CFAE55 /* deleDeTests.swift */,
				03B42E3F2628B80000CFAE55 /* Info.plist */,
			);
			path = deleDeTests;
			sourceTree = "<group>";
		};
		03B42E472628B80000CFAE55 /* deleDeUITests */ = {
			isa = PBXGroup;
			children = (
				03B42E482628B80000CFAE55 /* deleDeUITests.swift */,
				03B42E4A2628B80000CFAE55 /* Info.plist */,
			);
			path = deleDeUITests;
			sourceTree = "<group>";
		};
/* End PBXGroup section */

/* Begin PBXNativeTarget section */
		03B42E222628B7FC00CFAE55 /* deleDe */ = {
			isa = PBXNativeTarget;
			buildConfigurationList = 03B42E4D2628B80000CFAE55 /* Build configuration list for PBXNativeTarget "deleDe" */;
			buildPhases = (
				03B42E1F2628B7FC00CFAE55 /* Sources */,
				03B42E202628B7FC00CFAE55 /* Frameworks */,
				03B42E212628B7FC00CFAE55 /* Resources */,
			);
			buildRules = (
			);
			dependencies = (
			);
			name = deleDe;
			productName = deleDe;
			productReference = 03B42E232628B7FC00CFAE55 /* deleDe.app */;
			productType = "com.apple.product-type.application";
		};
		03B42E382628B80000CFAE55 /* deleDeTests */ = {
			isa = PBXNativeTarget;
			buildConfigurationList = 03B42E502628B80000CFAE55 /* Build configuration list for PBXNativeTarget "deleDeTests" */;
			buildPhases = (
				03B42E352628B80000CFAE55 /* Sources */,
				03B42E362628B80000CFAE55 /* Frameworks */,
				03B42E372628B80000CFAE55 /* Resources */,
			);
			buildRules = (
			);
			dependencies = (
				03B42E3B2628B80000CFAE55 /* PBXTargetDependency */,
			);
			name = deleDeTests;
			productName = deleDeTests;
			productReference = 03B42E392628B80000CFAE55 /* deleDeTests.xctest */;
			productType = "com.apple.product-type.bundle.unit-test";
		};
		03B42E432628B80000CFAE55 /* deleDeUITests */ = {
			isa = PBXNativeTarget;
			buildConfigurationList = 03B42E532628B80000CFAE55 /* Build configuration list for PBXNativeTarget "deleDeUITests" */;
			buildPhases = (
				03B42E402628B80000CFAE55 /* Sources */,
				03B42E412628B80000CFAE55 /* Frameworks */,
				03B42E422628B80000CFAE55 /* Resources */,
			);
			buildRules = (
			);
			dependencies = (
				03B42E462628B80000CFAE55 /* PBXTargetDependency */,
			);
			name = deleDeUITests;
			productName = deleDeUITests;
			productReference = 03B42E442628B80000CFAE55 /* deleDeUITests.xctest */;
			productType = "com.apple.product-type.bundle.ui-testing";
		};
/* End PBXNativeTarget section */

/* Begin PBXProject section */
		03B42E1B2628B7FC00CFAE55 /* Project object */ = {
			isa = PBXProject;
			attributes = {
				LastSwiftUpdateCheck = 1220;
				LastUpgradeCheck = 1220;
				TargetAttributes = {
					03B42E222628B7FC00CFAE55 = {
						CreatedOnToolsVersion = 12.2;
					};
					03B42E382628B80000CFAE55 = {
						CreatedOnToolsVersion = 12.2;
						TestTargetID = 03B42E222628B7FC00CFAE55;
					};
					03B42E432628B80000CFAE55 = {
						CreatedOnToolsVersion = 12.2;
						TestTargetID = 03B42E222628B7FC00CFAE55;
					};
				};
			};
			buildConfigurationList = 03B42E1E2628B7FC00CFAE55 /* Build configuration list for PBXProject "deleDe" */;
			compatibilityVersion = "Xcode 9.3";
			developmentRegion = en;
			hasScannedForEncodings = 0;
			knownRegions = (
				en,
				Base,
			);
			mainGroup = 03B42E1A2628B7FC00CFAE55;
			productRefGroup = 03B42E242628B7FC00CFAE55 /* Products */;
			projectDirPath = "";
			projectRoot = "";
			targets = (
				03B42E222628B7FC00CFAE55 /* deleDe */,
				03B42E382628B80000CFAE55 /* deleDeTests */,
				03B42E432628B80000CFAE55 /* deleDeUITests */,
			);
		};
/* End PBXProject section */

/* Begin PBXResourcesBuildPhase section */
		03B42E212628B7FC00CFAE55 /* Resources */ = {
			isa = PBXResourcesBuildPhase;
			buildActionMask = 2147483647;
			files = (
				03B42E332628B7FF00CFAE55 /* LaunchScreen.storyboard in Resources */,
				03B42E302628B7FF00CFAE55 /* Assets.xcassets in Resources */,
				03B42E5A2628BAA100CFAE55 /* opera.png in Resources */,
				03B42E2E2628B7FC00CFAE55 /* Main.storyboard in Resources */,
			);
			runOnlyForDeploymentPostprocessing = 0;
		};
		03B42E372628B80000CFAE55 /* Resources */ = {
			isa = PBXResourcesBuildPhase;
			buildActionMask = 2147483647;
			files = (
			);
			runOnlyForDeploymentPostprocessing = 0;
		};
		03B42E422628B80000CFAE55 /* Resources */ = {
			isa = PBXResourcesBuildPhase;
			buildActionMask = 2147483647;
			files = (
			);
			runOnlyForDeploymentPostprocessing = 0;
		};
/* End PBXResourcesBuildPhase section */

/* Begin PBXSourcesBuildPhase section */
		03B42E1F2628B7FC00CFAE55 /* Sources */ = {
			isa = PBXSourcesBuildPhase;
			buildActionMask = 2147483647;
			files = (
				03B42E2B2628B7FC00CFAE55 /* ViewController.swift in Sources */,
				03B42E272628B7FC00CFAE55 /* AppDelegate.swift in Sources */,
				03B42E292628B7FC00CFAE55 /* SceneDelegate.swift in Sources */,
			);
			runOnlyForDeploymentPostprocessing = 0;
		};
		03B42E352628B80000CFAE55 /* Sources */ = {
			isa = PBXSourcesBuildPhase;
			buildActionMask = 2147483647;
			files = (
				03B42E3E2628B80000CFAE55 /* deleDeTests.swift in Sources */,
			);
			runOnlyForDeploymentPostprocessing = 0;
		};
		03B42E402628B80000CFAE55 /* Sources */ = {
			isa = PBXSourcesBuildPhase;
			buildActionMask = 2147483647;
			files = (
				03B42E492628B80000CFAE55 /* deleDeUITests.swift in Sources */,
			);
			runOnlyForDeploymentPostprocessing = 0;
		};
/* End PBXSourcesBuildPhase section */

/* Begin PBXTargetDependency section */
		03B42E3B2628B80000CFAE55 /* PBXTargetDependency */ = {
			isa = PBXTargetDependency;
			target = 03B42E222628B7FC00CFAE55 /* deleDe */;
			targetProxy = 03B42E3A2628B80000CFAE55 /* PBXContainerItemProxy */;
		};
		03B42E462628B80000CFAE55 /* PBXTargetDependency */ = {
			isa = PBXTargetDependency;
			target = 03B42E222628B7FC00CFAE55 /* deleDe */;
			targetProxy = 03B42E452628B80000CFAE55 /* PBXContainerItemProxy */;
		};
/* End PBXTargetDependency section */

/* Begin PBXVariantGroup section */
		03B42E2C2628B7FC00CFAE55 /* Main.storyboard */ = {
			isa = PBXVariantGroup;
			children = (
				03B42E2D2628B7FC00CFAE55 /* Base */,
			);
			name = Main.storyboard;
			sourceTree = "<group>";
		};
		03B42E312628B7FF00CFAE55 /* LaunchScreen.storyboard */ = {
			isa = PBXVariantGroup;
			children = (
				03B42E322628B7FF00CFAE55 /* Base */,
			);
			name = LaunchScreen.storyboard;
			sourceTree = "<group>";
		};
/* End PBXVariantGroup section */

/* Begin XCBuildConfiguration section */
		03B42E4B2628B80000CFAE55 /* Debug */ = {
			isa = XCBuildConfiguration;
			buildSettings = {
				ALWAYS_SEARCH_USER_PATHS = NO;
				CLANG_ANALYZER_NONNULL = YES;
				CLANG_ANALYZER_NUMBER_OBJECT_CONVERSION = YES_AGGRESSIVE;
				CLANG_CXX_LANGUAGE_STANDARD = "gnu++14";
				CLANG_CXX_LIBRARY = "libc++";
				CLANG_ENABLE_MODULES = YES;
				CLANG_ENABLE_OBJC_ARC = YES;
				CLANG_ENABLE_OBJC_WEAK = YES;
				CLANG_WARN_BLOCK_CAPTURE_AUTORELEASING = YES;
				CLANG_WARN_BOOL_CONVERSION = YES;
				CLANG_WARN_COMMA = YES;
				CLANG_WARN_CONSTANT_CONVERSION = YES;
				CLANG_WARN_DEPRECATED_OBJC_IMPLEMENTATIONS = YES;
				CLANG_WARN_DIRECT_OBJC_ISA_USAGE = YES_ERROR;
				CLANG_WARN_DOCUMENTATION_COMMENTS = YES;
				CLANG_WARN_EMPTY_BODY = YES;
				CLANG_WARN_ENUM_CONVERSION = YES;
				CLANG_WARN_INFINITE_RECURSION = YES;
				CLANG_WARN_INT_CONVERSION = YES;
				CLANG_WARN_NON_LITERAL_NULL_CONVERSION = YES;
				CLANG_WARN_OBJC_IMPLICIT_RETAIN_SELF = YES;
				CLANG_WARN_OBJC_LITERAL_CONVERSION = YES;
				CLANG_WARN_OBJC_ROOT_CLASS = YES_ERROR;
				CLANG_WARN_QUOTED_INCLUDE_IN_FRAMEWORK_HEADER = YES;
				CLANG_WARN_RANGE_LOOP_ANALYSIS = YES;
				CLANG_WARN_STRICT_PROTOTYPES = YES;
				CLANG_WARN_SUSPICIOUS_MOVE = YES;
				CLANG_WARN_UNGUARDED_AVAILABILITY = YES_AGGRESSIVE;
				CLANG_WARN_UNREACHABLE_CODE = YES;
				CLANG_WARN__DUPLICATE_METHOD_MATCH = YES;
				COPY_PHASE_STRIP = NO;
				DEBUG_INFORMATION_FORMAT = dwarf;
				ENABLE_STRICT_OBJC_MSGSEND = YES;
				ENABLE_TESTABILITY = YES;
				GCC_C_LANGUAGE_STANDARD = gnu11;
				GCC_DYNAMIC_NO_PIC = NO;
				GCC_NO_COMMON_BLOCKS = YES;
				GCC_OPTIMIZATION_LEVEL = 0;
				GCC_PREPROCESSOR_DEFINITIONS = (
					"DEBUG=1",
					"$(inherited)",
				);
				GCC_WARN_64_TO_32_BIT_CONVERSION = YES;
				GCC_WARN_ABOUT_RETURN_TYPE = YES_ERROR;
				GCC_WARN_UNDECLARED_SELECTOR = YES;
				GCC_WARN_UNINITIALIZED_AUTOS = YES_AGGRESSIVE;
				GCC_WARN_UNUSED_FUNCTION = YES;
				GCC_WARN_UNUSED_VARIABLE = YES;
				IPHONEOS_DEPLOYMENT_TARGET = 14.2;
				MTL_ENABLE_DEBUG_INFO = INCLUDE_SOURCE;
				MTL_FAST_MATH = YES;
				ONLY_ACTIVE_ARCH = YES;
				SDKROOT = iphoneos;
				SWIFT_ACTIVE_COMPILATION_CONDITIONS = DEBUG;
				SWIFT_OPTIMIZATION_LEVEL = "-Onone";
			};
			name = Debug;
		};
		03B42E4C2628B80000CFAE55 /* Release */ = {
			isa = XCBuildConfiguration;
			buildSettings = {
				ALWAYS_SEARCH_USER_PATHS = NO;
				CLANG_ANALYZER_NONNULL = YES;
				CLANG_ANALYZER_NUMBER_OBJECT_CONVERSION = YES_AGGRESSIVE;
				CLANG_CXX_LANGUAGE_STANDARD = "gnu++14";
				CLANG_CXX_LIBRARY = "libc++";
				CLANG_ENABLE_MODULES = YES;
				CLANG_ENABLE_OBJC_ARC = YES;
				CLANG_ENABLE_OBJC_WEAK = YES;
				CLANG_WARN_BLOCK_CAPTURE_AUTORELEASING = YES;
				CLANG_WARN_BOOL_CONVERSION = YES;
				CLANG_WARN_COMMA = YES;
				CLANG_WARN_CONSTANT_CONVERSION = YES;
				CLANG_WARN_DEPRECATED_OBJC_IMPLEMENTATIONS = YES;
				CLANG_WARN_DIRECT_OBJC_ISA_USAGE = YES_ERROR;
				CLANG_WARN_DOCUMENTATION_COMMENTS = YES;
				CLANG_WARN_EMPTY_BODY = YES;
				CLANG_WARN_ENUM_CONVERSION = YES;
				CLANG_WARN_INFINITE_RECURSION = YES;
				CLANG_WARN_INT_CONVERSION = YES;
				CLANG_WARN_NON_LITERAL_NULL_CONVERSION = YES;
				CLANG_WARN_OBJC_IMPLICIT_RETAIN_SELF = YES;
				CLANG_WARN_OBJC_LITERAL_CONVERSION = YES;
				CLANG_WARN_OBJC_ROOT_CLASS = YES_ERROR;
				CLANG_WARN_QUOTED_INCLUDE_IN_FRAMEWORK_HEADER = YES;
				CLANG_WARN_RANGE_LOOP_ANALYSIS = YES;
				CLANG_WARN_STRICT_PROTOTYPES = YES;
				CLANG_WARN_SUSPICIOUS_MOVE = YES;
				CLANG_WARN_UNGUARDED_AVAILABILITY = YES_AGGRESSIVE;
				CLANG_WARN_UNREACHABLE_CODE = YES;
				CLANG_WARN__DUPLICATE_METHOD_MATCH = YES;
				COPY_PHASE_STRIP = NO;
				DEBUG_INFORMATION_FORMAT = "dwarf-with-dsym";
				ENABLE_NS_ASSERTIONS = NO;
				ENABLE_STRICT_OBJC_MSGSEND = YES;
				GCC_C_LANGUAGE_STANDARD = gnu11;
				GCC_NO_COMMON_BLOCKS = YES;
				GCC_WARN_64_TO_32_BIT_CONVERSION = YES;
				GCC_WARN_ABOUT_RETURN_TYPE = YES_ERROR;
				GCC_WARN_UNDECLARED_SELECTOR = YES;
				GCC_WARN_UNINITIALIZED_AUTOS = YES_AGGRESSIVE;
				GCC_WARN_UNUSED_FUNCTION = YES;
				GCC_WARN_UNUSED_VARIABLE = YES;
				IPHONEOS_DEPLOYMENT_TARGET = 14.2;
				MTL_ENABLE_DEBUG_INFO = NO;
				MTL_FAST_MATH = YES;
				SDKROOT = iphoneos;
				SWIFT_COMPILATION_MODE = wholemodule;
				SWIFT_OPTIMIZATION_LEVEL = "-O";
				VALIDATE_PRODUCT = YES;
			};
			name = Release;
		};
		03B42E4E2628B80000CFAE55 /* Debug */ = {
			isa = XCBuildConfiguration;
			buildSettings = {
				ASSETCATALOG_COMPILER_APPICON_NAME = AppIcon;
				ASSETCATALOG_COMPILER_GLOBAL_ACCENT_COLOR_NAME = AccentColor;
				CODE_SIGN_STYLE = Automatic;
				INFOPLIST_FILE = deleDe/Info.plist;
				LD_RUNPATH_SEARCH_PATHS = (
					"$(inherited)",
					"@executable_path/Frameworks",
				);
				PRODUCT_BUNDLE_IDENTIFIER = com.veena.ios.deleDe;
				PRODUCT_NAME = "$(TARGET_NAME)";
				SWIFT_VERSION = 5.0;
				TARGETED_DEVICE_FAMILY = "1,2";
			};
			name = Debug;
		};
		03B42E4F2628B80000CFAE55 /* Release */ = {
			isa = XCBuildConfiguration;
			buildSettings = {
				ASSETCATALOG_COMPILER_APPICON_NAME = AppIcon;
				ASSETCATALOG_COMPILER_GLOBAL_ACCENT_COLOR_NAME = AccentColor;
				CODE_SIGN_STYLE = Automatic;
				INFOPLIST_FILE = deleDe/Info.plist;
				LD_RUNPATH_SEARCH_PATHS = (
					"$(inherited)",
					"@executable_path/Frameworks",
				);
				PRODUCT_BUNDLE_IDENTIFIER = com.veena.ios.deleDe;
				PRODUCT_NAME = "$(TARGET_NAME)";
				SWIFT_VERSION = 5.0;
				TARGETED_DEVICE_FAMILY = "1,2";
			};
			name = Release;
		};
		03B42E512628B80000CFAE55 /* Debug */ = {
			isa = XCBuildConfiguration;
			buildSettings = {
				ALWAYS_EMBED_SWIFT_STANDARD_LIBRARIES = YES;
				BUNDLE_LOADER = "$(TEST_HOST)";
				CODE_SIGN_STYLE = Automatic;
				INFOPLIST_FILE = deleDeTests/Info.plist;
				IPHONEOS_DEPLOYMENT_TARGET = 14.2;
				LD_RUNPATH_SEARCH_PATHS = (
					"$(inherited)",
					"@executable_path/Frameworks",
					"@loader_path/Frameworks",
				);
				PRODUCT_BUNDLE_IDENTIFIER = com.veena.ios.deleDeTests;
				PRODUCT_NAME = "$(TARGET_NAME)";
				SWIFT_VERSION = 5.0;
				TARGETED_DEVICE_FAMILY = "1,2";
				TEST_HOST = "$(BUILT_PRODUCTS_DIR)/deleDe.app/deleDe";
			};
			name = Debug;
		};
		03B42E522628B80000CFAE55 /* Release */ = {
			isa = XCBuildConfiguration;
			buildSettings = {
				ALWAYS_EMBED_SWIFT_STANDARD_LIBRARIES = YES;
				BUNDLE_LOADER = "$(TEST_HOST)";
				CODE_SIGN_STYLE = Automatic;
				INFOPLIST_FILE = deleDeTests/Info.plist;
				IPHONEOS_DEPLOYMENT_TARGET = 14.2;
				LD_RUNPATH_SEARCH_PATHS = (
					"$(inherited)",
					"@executable_path/Frameworks",
					"@loader_path/Frameworks",
				);
				PRODUCT_BUNDLE_IDENTIFIER = com.veena.ios.deleDeTests;
				PRODUCT_NAME = "$(TARGET_NAME)";
				SWIFT_VERSION = 5.0;
				TARGETED_DEVICE_FAMILY = "1,2";
				TEST_HOST = "$(BUILT_PRODUCTS_DIR)/deleDe.app/deleDe";
			};
			name = Release;
		};
		03B42E542628B80000CFAE55 /* Debug */ = {
			isa = XCBuildConfiguration;
			buildSettings = {
				ALWAYS_EMBED_SWIFT_STANDARD_LIBRARIES = YES;
				CODE_SIGN_STYLE = Automatic;
				INFOPLIST_FILE = deleDeUITests/Info.plist;
				LD_RUNPATH_SEARCH_PATHS = (
					"$(inherited)",
					"@executable_path/Frameworks",
					"@loader_path/Frameworks",
				);
				PRODUCT_BUNDLE_IDENTIFIER = com.veena.ios.deleDeUITests;
				PRODUCT_NAME = "$(TARGET_NAME)";
				SWIFT_VERSION = 5.0;
				TARGETED_DEVICE_FAMILY = "1,2";
				TEST_TARGET_NAME = deleDe;
			};
			name = Debug;
		};
		03B42E552628B80000CFAE55 /* Release */ = {
			isa = XCBuildConfiguration;
			buildSettings = {
				ALWAYS_EMBED_SWIFT_STANDARD_LIBRARIES = YES;
				CODE_SIGN_STYLE = Automatic;
				INFOPLIST_FILE = deleDeUITests/Info.plist;
				LD_RUNPATH_SEARCH_PATHS = (
					"$(inherited)",
					"@executable_path/Frameworks",
					"@loader_path/Frameworks",
				);
				PRODUCT_BUNDLE_IDENTIFIER = com.veena.ios.deleDeUITests;
				PRODUCT_NAME = "$(TARGET_NAME)";
				SWIFT_VERSION = 5.0;
				TARGETED_DEVICE_FAMILY = "1,2";
				TEST_TARGET_NAME = deleDe;
			};
			name = Release;
		};
/* End XCBuildConfiguration section */

/* Begin XCConfigurationList section */
		03B42E1E2628B7FC00CFAE55 /* Build configuration list for PBXProject "deleDe" */ = {
			isa = XCConfigurationList;
			buildConfigurations = (
				03B42E4B2628B80000CFAE55 /* Debug */,
				03B42E4C2628B80000CFAE55 /* Release */,
			);
			defaultConfigurationIsVisible = 0;
			defaultConfigurationName = Release;
		};
		03B42E4D2628B80000CFAE55 /* Build configuration list for PBXNativeTarget "deleDe" */ = {
			isa = XCConfigurationList;
			buildConfigurations = (
				03B42E4E2628B80000CFAE55 /* Debug */,
				03B42E4F2628B80000CFAE55 /* Release */,
			);
			defaultConfigurationIsVisible = 0;
			defaultConfigurationName = Release;
		};
		03B42E502628B80000CFAE55 /* Build configuration list for PBXNativeTarget "deleDeTests" */ = {
			isa = XCConfigurationList;
			buildConfigurations = (
				03B42E512628B80000CFAE55 /* Debug */,
				03B42E522628B80000CFAE55 /* Release */,
			);
			defaultConfigurationIsVisible = 0;
			defaultConfigurationName = Release;
		};
		03B42E532628B80000CFAE55 /* Build configuration list for PBXNativeTarget "deleDeUITests" */ = {
			isa = XCConfigurationList;
			buildConfigurations = (
				03B42E542628B80000CFAE55 /* Debug */,
				03B42E552628B80000CFAE55 /* Release */,
			);
			defaultConfigurationIsVisible = 0;
			defaultConfigurationName = Release;
		};
/* End XCConfigurationList section */
	};
	rootObject = 03B42E1B2628B7FC00CFAE55 /* Project object */;
}
