// !$*UTF8*$!
{
	archiveVersion = 1;
	classes = {
	};
	objectVersion = 51;
	objects = {

/* Begin PBXBuildFile section */
		036AAB3C25946B810047CDAF /* AppDelegate.swift in Sources */ = {isa = PBXBuildFile; fileRef = 036AAB3B25946B810047CDAF /* AppDelegate.swift */; };
		036AAB3E25946B810047CDAF /* SceneDelegate.swift in Sources */ = {isa = PBXBuildFile; fileRef = 036AAB3D25946B810047CDAF /* SceneDelegate.swift */; };
		036AAB4025946B810047CDAF /* ViewController.swift in Sources */ = {isa = PBXBuildFile; fileRef = 036AAB3F25946B810047CDAF /* ViewController.swift */; };
		036AAB4825946B830047CDAF /* LaunchScreen.storyboard in Resources */ = {isa = PBXBuildFile; fileRef = 036AAB4625946B830047CDAF /* LaunchScreen.storyboard */; };
		036AAB5325946B830047CDAF /* TestTests.swift in Sources */ = {isa = PBXBuildFile; fileRef = 036AAB5225946B830047CDAF /* TestTests.swift */; };
		036AAB5E25946B830047CDAF /* TestUITests.swift in Sources */ = {isa = PBXBuildFile; fileRef = 036AAB5D25946B830047CDAF /* TestUITests.swift */; };
		036AAB7B25946DDD0047CDAF /* Main.storyboard in Resources */ = {isa = PBXBuildFile; fileRef = 036AAB7A25946DDD0047CDAF /* Main.storyboard */; };
		036AAB8325946E3D0047CDAF /* Assets.xcassets in Resources */ = {isa = PBXBuildFile; fileRef = 036AAB8225946E3D0047CDAF /* Assets.xcassets */; };
		036AAB88259470F10047CDAF /* FormScreen.swift in Sources */ = {isa = PBXBuildFile; fileRef = 036AAB87259470F10047CDAF /* FormScreen.swift */; };
		036AAB8D259471090047CDAF /* SuccessScreen.swift in Sources */ = {isa = PBXBuildFile; fileRef = 036AAB8C259471090047CDAF /* SuccessScreen.swift */; };
		036AAB92259471120047CDAF /* Common.swift in Sources */ = {isa = PBXBuildFile; fileRef = 036AAB91259471120047CDAF /* Common.swift */; };
		036AABAF259473AB0047CDAF /* CommonSteps.swift in Sources */ = {isa = PBXBuildFile; fileRef = 036AABAC259473AA0047CDAF /* CommonSteps.swift */; };
		036AABB0259473AB0047CDAF /* FormScreenSteps.swift in Sources */ = {isa = PBXBuildFile; fileRef = 036AABAD259473AB0047CDAF /* FormScreenSteps.swift */; };
		036AABB1259473AB0047CDAF /* SuccessScreenSteps.swift in Sources */ = {isa = PBXBuildFile; fileRef = 036AABAE259473AB0047CDAF /* SuccessScreenSteps.swift */; };
		036AABDD259474F00047CDAF /* CucumberishInitializer.swift in Sources */ = {isa = PBXBuildFile; fileRef = 036AABC1259473CB0047CDAF /* CucumberishInitializer.swift */; };
		036AAC072594799A0047CDAF /* Features in Resources */ = {isa = PBXBuildFile; fileRef = 036AAC062594799A0047CDAF /* Features */; };
		036AAC2725947C8E0047CDAF /* Cucumberish.framework in Frameworks */ = {isa = PBXBuildFile; fileRef = 036AAC2625947C8E0047CDAF /* Cucumberish.framework */; };
		036AAC2825947C8E0047CDAF /* Cucumberish.framework in Embed Frameworks */ = {isa = PBXBuildFile; fileRef = 036AAC2625947C8E0047CDAF /* Cucumberish.framework */; settings = {ATTRIBUTES = (CodeSignOnCopy, RemoveHeadersOnCopy, ); }; };
		F1DDCF4E597343A57F5DD6CE /* Pods_Test.framework in Frameworks */ = {isa = PBXBuildFile; fileRef = EF98D718680E123D29F8241D /* Pods_Test.framework */; };
/* End PBXBuildFile section */

/* Begin PBXContainerItemProxy section */
		036AAB4F25946B830047CDAF /* PBXContainerItemProxy */ = {
			isa = PBXContainerItemProxy;
			containerPortal = 036AAB3025946B810047CDAF /* Project object */;
			proxyType = 1;
			remoteGlobalIDString = 036AAB3725946B810047CDAF;
			remoteInfo = Test;
		};
		036AAB5A25946B830047CDAF /* PBXContainerItemProxy */ = {
			isa = PBXContainerItemProxy;
			containerPortal = 036AAB3025946B810047CDAF /* Project object */;
			proxyType = 1;
			remoteGlobalIDString = 036AAB3725946B810047CDAF;
			remoteInfo = Test;
		};
/* End PBXContainerItemProxy section */

/* Begin PBXCopyFilesBuildPhase section */
		036AAC2925947C8E0047CDAF /* Embed Frameworks */ = {
			isa = PBXCopyFilesBuildPhase;
			buildActionMask = 2147483647;
			dstPath = "";
			dstSubfolderSpec = 10;
			files = (
				036AAC2825947C8E0047CDAF /* Cucumberish.framework in Embed Frameworks */,
			);
			name = "Embed Frameworks";
			runOnlyForDeploymentPostprocessing = 0;
		};
/* End PBXCopyFilesBuildPhase section */

/* Begin PBXFileReference section */
		036AAB3825946B810047CDAF /* Test.app */ = {isa = PBXFileReference; explicitFileType = wrapper.application; includeInIndex = 0; path = Test.app; sourceTree = BUILT_PRODUCTS_DIR; };
		036AAB3B25946B810047CDAF /* AppDelegate.swift */ = {isa = PBXFileReference; lastKnownFileType = sourcecode.swift; path = AppDelegate.swift; sourceTree = "<group>"; };
		036AAB3D25946B810047CDAF /* SceneDelegate.swift */ = {isa = PBXFileReference; lastKnownFileType = sourcecode.swift; path = SceneDelegate.swift; sourceTree = "<group>"; };
		036AAB3F25946B810047CDAF /* ViewController.swift */ = {isa = PBXFileReference; lastKnownFileType = sourcecode.swift; path = ViewController.swift; sourceTree = "<group>"; };
		036AAB4725946B830047CDAF /* Base */ = {isa = PBXFileReference; lastKnownFileType = file.storyboard; name = Base; path = Base.lproj/LaunchScreen.storyboard; sourceTree = "<group>"; };
		036AAB4925946B830047CDAF /* Info.plist */ = {isa = PBXFileReference; lastKnownFileType = text.plist.xml; path = Info.plist; sourceTree = "<group>"; };
		036AAB4E25946B830047CDAF /* TestTests.xctest */ = {isa = PBXFileReference; explicitFileType = wrapper.cfbundle; includeInIndex = 0; path = TestTests.xctest; sourceTree = BUILT_PRODUCTS_DIR; };
		036AAB5225946B830047CDAF /* TestTests.swift */ = {isa = PBXFileReference; lastKnownFileType = sourcecode.swift; path = TestTests.swift; sourceTree = "<group>"; };
		036AAB5425946B830047CDAF /* Info.plist */ = {isa = PBXFileReference; lastKnownFileType = text.plist.xml; path = Info.plist; sourceTree = "<group>"; };
		036AAB5925946B830047CDAF /* TestUITests.xctest */ = {isa = PBXFileReference; explicitFileType = wrapper.cfbundle; includeInIndex = 0; path = TestUITests.xctest; sourceTree = BUILT_PRODUCTS_DIR; };
		036AAB5D25946B830047CDAF /* TestUITests.swift */ = {isa = PBXFileReference; lastKnownFileType = sourcecode.swift; path = TestUITests.swift; sourceTree = "<group>"; };
		036AAB5F25946B830047CDAF /* Info.plist */ = {isa = PBXFileReference; lastKnownFileType = text.plist.xml; path = Info.plist; sourceTree = "<group>"; };
		036AAB7A25946DDD0047CDAF /* Main.storyboard */ = {isa = PBXFileReference; fileEncoding = 4; lastKnownFileType = file.storyboard; path = Main.storyboard; sourceTree = "<group>"; };
		036AAB8225946E3D0047CDAF /* Assets.xcassets */ = {isa = PBXFileReference; lastKnownFileType = folder.assetcatalog; path = Assets.xcassets; sourceTree = "<group>"; };
		036AAB87259470F10047CDAF /* FormScreen.swift */ = {isa = PBXFileReference; lastKnownFileType = sourcecode.swift; path = FormScreen.swift; sourceTree = "<group>"; };
		036AAB8C259471090047CDAF /* SuccessScreen.swift */ = {isa = PBXFileReference; lastKnownFileType = sourcecode.swift; path = SuccessScreen.swift; sourceTree = "<group>"; };
		036AAB91259471120047CDAF /* Common.swift */ = {isa = PBXFileReference; lastKnownFileType = sourcecode.swift; path = Common.swift; sourceTree = "<group>"; };
		036AABAC259473AA0047CDAF /* CommonSteps.swift */ = {isa = PBXFileReference; fileEncoding = 4; lastKnownFileType = sourcecode.swift; path = CommonSteps.swift; sourceTree = "<group>"; };
		036AABAD259473AB0047CDAF /* FormScreenSteps.swift */ = {isa = PBXFileReference; fileEncoding = 4; lastKnownFileType = sourcecode.swift; path = FormScreenSteps.swift; sourceTree = "<group>"; };
		036AABAE259473AB0047CDAF /* SuccessScreenSteps.swift */ = {isa = PBXFileReference; fileEncoding = 4; lastKnownFileType = sourcecode.swift; path = SuccessScreenSteps.swift; sourceTree = "<group>"; };
		036AABB8259473BB0047CDAF /* TestUITests-Bridging-Header.h */ = {isa = PBXFileReference; lastKnownFileType = sourcecode.c.h; path = "TestUITests-Bridging-Header.h"; sourceTree = "<group>"; };
		036AABC1259473CB0047CDAF /* CucumberishInitializer.swift */ = {isa = PBXFileReference; fileEncoding = 4; lastKnownFileType = sourcecode.swift; path = CucumberishInitializer.swift; sourceTree = "<group>"; };
		036AAC062594799A0047CDAF /* Features */ = {isa = PBXFileReference; lastKnownFileType = folder; path = Features; sourceTree = "<group>"; };
		036AAC2625947C8E0047CDAF /* Cucumberish.framework */ = {isa = PBXFileReference; explicitFileType = wrapper.framework; path = Cucumberish.framework; sourceTree = BUILT_PRODUCTS_DIR; };
		CA78CA25CE1F39D7A97623C9 /* Pods-Test.debug.xcconfig */ = {isa = PBXFileReference; includeInIndex = 1; lastKnownFileType = text.xcconfig; name = "Pods-Test.debug.xcconfig"; path = "Target Support Files/Pods-Test/Pods-Test.debug.xcconfig"; sourceTree = "<group>"; };
		DB1FD36C98BA0D7F93AFE92A /* Pods-Test.release.xcconfig */ = {isa = PBXFileReference; includeInIndex = 1; lastKnownFileType = text.xcconfig; name = "Pods-Test.release.xcconfig"; path = "Target Support Files/Pods-Test/Pods-Test.release.xcconfig"; sourceTree = "<group>"; };
		EF98D718680E123D29F8241D /* Pods_Test.framework */ = {isa = PBXFileReference; explicitFileType = wrapper.framework; includeInIndex = 0; path = Pods_Test.framework; sourceTree = BUILT_PRODUCTS_DIR; };
/* End PBXFileReference section */

/* Begin PBXFrameworksBuildPhase section */
		036AAB3525946B810047CDAF /* Frameworks */ = {
			isa = PBXFrameworksBuildPhase;
			buildActionMask = 2147483647;
			files = (
				F1DDCF4E597343A57F5DD6CE /* Pods_Test.framework in Frameworks */,
				036AAC2725947C8E0047CDAF /* Cucumberish.framework in Frameworks */,
			);
			runOnlyForDeploymentPostprocessing = 0;
		};
		036AAB4B25946B830047CDAF /* Frameworks */ = {
			isa = PBXFrameworksBuildPhase;
			buildActionMask = 2147483647;
			files = (
			);
			runOnlyForDeploymentPostprocessing = 0;
		};
		036AAB5625946B830047CDAF /* Frameworks */ = {
			isa = PBXFrameworksBuildPhase;
			buildActionMask = 2147483647;
			files = (
			);
			runOnlyForDeploymentPostprocessing = 0;
		};
/* End PBXFrameworksBuildPhase section */

/* Begin PBXGroup section */
		036AAB2F25946B810047CDAF = {
			isa = PBXGroup;
			children = (
				036AAB3A25946B810047CDAF /* Test */,
				036AAB5125946B830047CDAF /* TestTests */,
				036AAB5C25946B830047CDAF /* TestUITests */,
				036AAB3925946B810047CDAF /* Products */,
				322971AE90527E2BEDC99ACE /* Pods */,
				0E0DB34145C2DD71519C2A80 /* Frameworks */,
			);
			sourceTree = "<group>";
		};
		036AAB3925946B810047CDAF /* Products */ = {
			isa = PBXGroup;
			children = (
				036AAB3825946B810047CDAF /* Test.app */,
				036AAB4E25946B830047CDAF /* TestTests.xctest */,
				036AAB5925946B830047CDAF /* TestUITests.xctest */,
			);
			name = Products;
			sourceTree = "<group>";
		};
		036AAB3A25946B810047CDAF /* Test */ = {
			isa = PBXGroup;
			children = (
				036AAB3B25946B810047CDAF /* AppDelegate.swift */,
				036AAB3D25946B810047CDAF /* SceneDelegate.swift */,
				036AAB3F25946B810047CDAF /* ViewController.swift */,
				036AAB7A25946DDD0047CDAF /* Main.storyboard */,
				036AAB4625946B830047CDAF /* LaunchScreen.storyboard */,
				036AAB4925946B830047CDAF /* Info.plist */,
				036AAB8225946E3D0047CDAF /* Assets.xcassets */,
			);
			path = Test;
			sourceTree = "<group>";
		};
		036AAB5125946B830047CDAF /* TestTests */ = {
			isa = PBXGroup;
			children = (
				036AAB5225946B830047CDAF /* TestTests.swift */,
				036AAB5425946B830047CDAF /* Info.plist */,
			);
			path = TestTests;
			sourceTree = "<group>";
		};
		036AAB5C25946B830047CDAF /* TestUITests */ = {
			isa = PBXGroup;
			children = (
				036AABAB259473650047CDAF /* StepsDefinitions */,
				036AAB5D25946B830047CDAF /* TestUITests.swift */,
				036AAB5F25946B830047CDAF /* Info.plist */,
				036AAB96259471C20047CDAF /* Screens */,
			);
			path = TestUITests;
			sourceTree = "<group>";
		};
		036AAB96259471C20047CDAF /* Screens */ = {
			isa = PBXGroup;
			children = (
				036AAB87259470F10047CDAF /* FormScreen.swift */,
				036AAB8C259471090047CDAF /* SuccessScreen.swift */,
				036AAB91259471120047CDAF /* Common.swift */,
			);
			path = Screens;
			sourceTree = "<group>";
		};
		036AABAB259473650047CDAF /* StepsDefinitions */ = {
			isa = PBXGroup;
			children = (
				036AABC1259473CB0047CDAF /* CucumberishInitializer.swift */,
				036AABB8259473BB0047CDAF /* TestUITests-Bridging-Header.h */,
				036AAC062594799A0047CDAF /* Features */,
				036AABAC259473AA0047CDAF /* CommonSteps.swift */,
				036AABAD259473AB0047CDAF /* FormScreenSteps.swift */,
				036AABAE259473AB0047CDAF /* SuccessScreenSteps.swift */,
			);
			path = StepsDefinitions;
			sourceTree = "<group>";
		};
		0E0DB34145C2DD71519C2A80 /* Frameworks */ = {
			isa = PBXGroup;
			children = (
				036AAC2625947C8E0047CDAF /* Cucumberish.framework */,
				EF98D718680E123D29F8241D /* Pods_Test.framework */,
			);
			name = Frameworks;
			sourceTree = "<group>";
		};
		322971AE90527E2BEDC99ACE /* Pods */ = {
			isa = PBXGroup;
			children = (
				CA78CA25CE1F39D7A97623C9 /* Pods-Test.debug.xcconfig */,
				DB1FD36C98BA0D7F93AFE92A /* Pods-Test.release.xcconfig */,
			);
			path = Pods;
			sourceTree = "<group>";
		};
/* End PBXGroup section */

/* Begin PBXNativeTarget section */
		036AAB3725946B810047CDAF /* Test */ = {
			isa = PBXNativeTarget;
			buildConfigurationList = 036AAB6225946B830047CDAF /* Build configuration list for PBXNativeTarget "Test" */;
			buildPhases = (
				F27A74BD3FC6B87836B6FDE0 /* [CP] Check Pods Manifest.lock */,
				036AAB3425946B810047CDAF /* Sources */,
				036AAB3525946B810047CDAF /* Frameworks */,
				036AAB3625946B810047CDAF /* Resources */,
				C4908982E29FA818319E25FD /* [CP] Embed Pods Frameworks */,
				036AAC2925947C8E0047CDAF /* Embed Frameworks */,
			);
			buildRules = (
			);
			dependencies = (
			);
			name = Test;
			productName = Test;
			productReference = 036AAB3825946B810047CDAF /* Test.app */;
			productType = "com.apple.product-type.application";
		};
		036AAB4D25946B830047CDAF /* TestTests */ = {
			isa = PBXNativeTarget;
			buildConfigurationList = 036AAB6525946B830047CDAF /* Build configuration list for PBXNativeTarget "TestTests" */;
			buildPhases = (
				036AAB4A25946B830047CDAF /* Sources */,
				036AAB4B25946B830047CDAF /* Frameworks */,
				036AAB4C25946B830047CDAF /* Resources */,
			);
			buildRules = (
			);
			dependencies = (
				036AAB5025946B830047CDAF /* PBXTargetDependency */,
			);
			name = TestTests;
			productName = TestTests;
			productReference = 036AAB4E25946B830047CDAF /* TestTests.xctest */;
			productType = "com.apple.product-type.bundle.unit-test";
		};
		036AAB5825946B830047CDAF /* TestUITests */ = {
			isa = PBXNativeTarget;
			buildConfigurationList = 036AAB6825946B830047CDAF /* Build configuration list for PBXNativeTarget "TestUITests" */;
			buildPhases = (
				036AAB5525946B830047CDAF /* Sources */,
				036AAB5625946B830047CDAF /* Frameworks */,
				036AAB5725946B830047CDAF /* Resources */,
			);
			buildRules = (
			);
			dependencies = (
				036AAB5B25946B830047CDAF /* PBXTargetDependency */,
			);
			name = TestUITests;
			productName = TestUITests;
			productReference = 036AAB5925946B830047CDAF /* TestUITests.xctest */;
			productType = "com.apple.product-type.bundle.ui-testing";
		};
/* End PBXNativeTarget section */

/* Begin PBXProject section */
		036AAB3025946B810047CDAF /* Project object */ = {
			isa = PBXProject;
			attributes = {
				LastSwiftUpdateCheck = 1200;
				LastUpgradeCheck = 1200;
				TargetAttributes = {
					036AAB3725946B810047CDAF = {
						CreatedOnToolsVersion = 12.0.1;
					};
					036AAB4D25946B830047CDAF = {
						CreatedOnToolsVersion = 12.0.1;
						TestTargetID = 036AAB3725946B810047CDAF;
					};
					036AAB5825946B830047CDAF = {
						CreatedOnToolsVersion = 12.0.1;
						LastSwiftMigration = 1200;
						TestTargetID = 036AAB3725946B810047CDAF;
					};
				};
			};
			buildConfigurationList = 036AAB3325946B810047CDAF /* Build configuration list for PBXProject "Test" */;
			compatibilityVersion = "Xcode 9.3";
			developmentRegion = en;
			hasScannedForEncodings = 0;
			knownRegions = (
				en,
				Base,
			);
			mainGroup = 036AAB2F25946B810047CDAF;
			productRefGroup = 036AAB3925946B810047CDAF /* Products */;
			projectDirPath = "";
			projectRoot = "";
			targets = (
				036AAB3725946B810047CDAF /* Test */,
				036AAB4D25946B830047CDAF /* TestTests */,
				036AAB5825946B830047CDAF /* TestUITests */,
			);
		};
/* End PBXProject section */

/* Begin PBXResourcesBuildPhase section */
		036AAB3625946B810047CDAF /* Resources */ = {
			isa = PBXResourcesBuildPhase;
			buildActionMask = 2147483647;
			files = (
				036AAB7B25946DDD0047CDAF /* Main.storyboard in Resources */,
				036AAB8325946E3D0047CDAF /* Assets.xcassets in Resources */,
				036AAB4825946B830047CDAF /* LaunchScreen.storyboard in Resources */,
			);
			runOnlyForDeploymentPostprocessing = 0;
		};
		036AAB4C25946B830047CDAF /* Resources */ = {
			isa = PBXResourcesBuildPhase;
			buildActionMask = 2147483647;
			files = (
			);
			runOnlyForDeploymentPostprocessing = 0;
		};
		036AAB5725946B830047CDAF /* Resources */ = {
			isa = PBXResourcesBuildPhase;
			buildActionMask = 2147483647;
			files = (
				036AAC072594799A0047CDAF /* Features in Resources */,
			);
			runOnlyForDeploymentPostprocessing = 0;
		};
/* End PBXResourcesBuildPhase section */

/* Begin PBXShellScriptBuildPhase section */
		C4908982E29FA818319E25FD /* [CP] Embed Pods Frameworks */ = {
			isa = PBXShellScriptBuildPhase;
			buildActionMask = 2147483647;
			files = (
			);
			inputFileListPaths = (
				"${PODS_ROOT}/Target Support Files/Pods-Test/Pods-Test-frameworks-${CONFIGURATION}-input-files.xcfilelist",
			);
			name = "[CP] Embed Pods Frameworks";
			outputFileListPaths = (
				"${PODS_ROOT}/Target Support Files/Pods-Test/Pods-Test-frameworks-${CONFIGURATION}-output-files.xcfilelist",
			);
			runOnlyForDeploymentPostprocessing = 0;
			shellPath = /bin/sh;
			shellScript = "\"${PODS_ROOT}/Target Support Files/Pods-Test/Pods-Test-frameworks.sh\"\n";
			showEnvVarsInLog = 0;
		};
		F27A74BD3FC6B87836B6FDE0 /* [CP] Check Pods Manifest.lock */ = {
			isa = PBXShellScriptBuildPhase;
			buildActionMask = 2147483647;
			files = (
			);
			inputFileListPaths = (
			);
			inputPaths = (
				"${PODS_PODFILE_DIR_PATH}/Podfile.lock",
				"${PODS_ROOT}/Manifest.lock",
			);
			name = "[CP] Check Pods Manifest.lock";
			outputFileListPaths = (
			);
			outputPaths = (
				"$(DERIVED_FILE_DIR)/Pods-Test-checkManifestLockResult.txt",
			);
			runOnlyForDeploymentPostprocessing = 0;
			shellPath = /bin/sh;
			shellScript = "diff \"${PODS_PODFILE_DIR_PATH}/Podfile.lock\" \"${PODS_ROOT}/Manifest.lock\" > /dev/null\nif [ $? != 0 ] ; then\n    # print error to STDERR\n    echo \"error: The sandbox is not in sync with the Podfile.lock. Run 'pod install' or update your CocoaPods installation.\" >&2\n    exit 1\nfi\n# This output is used by Xcode 'outputs' to avoid re-running this script phase.\necho \"SUCCESS\" > \"${SCRIPT_OUTPUT_FILE_0}\"\n";
			showEnvVarsInLog = 0;
		};
/* End PBXShellScriptBuildPhase section */

/* Begin PBXSourcesBuildPhase section */
		036AAB3425946B810047CDAF /* Sources */ = {
			isa = PBXSourcesBuildPhase;
			buildActionMask = 2147483647;
			files = (
				036AAB4025946B810047CDAF /* ViewController.swift in Sources */,
				036AAB3C25946B810047CDAF /* AppDelegate.swift in Sources */,
				036AAB3E25946B810047CDAF /* SceneDelegate.swift in Sources */,
			);
			runOnlyForDeploymentPostprocessing = 0;
		};
		036AAB4A25946B830047CDAF /* Sources */ = {
			isa = PBXSourcesBuildPhase;
			buildActionMask = 2147483647;
			files = (
				036AAB5325946B830047CDAF /* TestTests.swift in Sources */,
			);
			runOnlyForDeploymentPostprocessing = 0;
		};
		036AAB5525946B830047CDAF /* Sources */ = {
			isa = PBXSourcesBuildPhase;
			buildActionMask = 2147483647;
			files = (
				036AAB92259471120047CDAF /* Common.swift in Sources */,
				036AABDD259474F00047CDAF /* CucumberishInitializer.swift in Sources */,
				036AAB8D259471090047CDAF /* SuccessScreen.swift in Sources */,
				036AAB5E25946B830047CDAF /* TestUITests.swift in Sources */,
				036AABB1259473AB0047CDAF /* SuccessScreenSteps.swift in Sources */,
				036AABB0259473AB0047CDAF /* FormScreenSteps.swift in Sources */,
				036AABAF259473AB0047CDAF /* CommonSteps.swift in Sources */,
				036AAB88259470F10047CDAF /* FormScreen.swift in Sources */,
			);
			runOnlyForDeploymentPostprocessing = 0;
		};
/* End PBXSourcesBuildPhase section */

/* Begin PBXTargetDependency section */
		036AAB5025946B830047CDAF /* PBXTargetDependency */ = {
			isa = PBXTargetDependency;
			target = 036AAB3725946B810047CDAF /* Test */;
			targetProxy = 036AAB4F25946B830047CDAF /* PBXContainerItemProxy */;
		};
		036AAB5B25946B830047CDAF /* PBXTargetDependency */ = {
			isa = PBXTargetDependency;
			target = 036AAB3725946B810047CDAF /* Test */;
			targetProxy = 036AAB5A25946B830047CDAF /* PBXContainerItemProxy */;
		};
/* End PBXTargetDependency section */

/* Begin PBXVariantGroup section */
		036AAB4625946B830047CDAF /* LaunchScreen.storyboard */ = {
			isa = PBXVariantGroup;
			children = (
				036AAB4725946B830047CDAF /* Base */,
			);
			name = LaunchScreen.storyboard;
			sourceTree = "<group>";
		};
/* End PBXVariantGroup section */

/* Begin XCBuildConfiguration section */
		036AAB6025946B830047CDAF /* Debug */ = {
			isa = XCBuildConfiguration;
			buildSettings = {
				ALWAYS_SEARCH_USER_PATHS = NO;
				CLANG_ANALYZER_NONNULL = YES;
				CLANG_ANALYZER_NUMBER_OBJECT_CONVERSION = YES_AGGRESSIVE;
				CLANG_CXX_LANGUAGE_STANDARD = "gnu++14";
				CLANG_CXX_LIBRARY = "libc++";
				CLANG_ENABLE_MODULES = YES;
				CLANG_ENABLE_OBJC_ARC = YES;
				CLANG_ENABLE_OBJC_WEAK = YES;
				CLANG_WARN_BLOCK_CAPTURE_AUTORELEASING = YES;
				CLANG_WARN_BOOL_CONVERSION = YES;
				CLANG_WARN_COMMA = YES;
				CLANG_WARN_CONSTANT_CONVERSION = YES;
				CLANG_WARN_DEPRECATED_OBJC_IMPLEMENTATIONS = YES;
				CLANG_WARN_DIRECT_OBJC_ISA_USAGE = YES_ERROR;
				CLANG_WARN_DOCUMENTATION_COMMENTS = YES;
				CLANG_WARN_EMPTY_BODY = YES;
				CLANG_WARN_ENUM_CONVERSION = YES;
				CLANG_WARN_INFINITE_RECURSION = YES;
				CLANG_WARN_INT_CONVERSION = YES;
				CLANG_WARN_NON_LITERAL_NULL_CONVERSION = YES;
				CLANG_WARN_OBJC_IMPLICIT_RETAIN_SELF = YES;
				CLANG_WARN_OBJC_LITERAL_CONVERSION = YES;
				CLANG_WARN_OBJC_ROOT_CLASS = YES_ERROR;
				CLANG_WARN_QUOTED_INCLUDE_IN_FRAMEWORK_HEADER = YES;
				CLANG_WARN_RANGE_LOOP_ANALYSIS = YES;
				CLANG_WARN_STRICT_PROTOTYPES = YES;
				CLANG_WARN_SUSPICIOUS_MOVE = YES;
				CLANG_WARN_UNGUARDED_AVAILABILITY = YES_AGGRESSIVE;
				CLANG_WARN_UNREACHABLE_CODE = YES;
				CLANG_WARN__DUPLICATE_METHOD_MATCH = YES;
				COPY_PHASE_STRIP = NO;
				DEBUG_INFORMATION_FORMAT = dwarf;
				ENABLE_STRICT_OBJC_MSGSEND = YES;
				ENABLE_TESTABILITY = YES;
				GCC_C_LANGUAGE_STANDARD = gnu11;
				GCC_DYNAMIC_NO_PIC = NO;
				GCC_NO_COMMON_BLOCKS = YES;
				GCC_OPTIMIZATION_LEVEL = 0;
				GCC_PREPROCESSOR_DEFINITIONS = (
					"DEBUG=1",
					"$(inherited)",
				);
				GCC_WARN_64_TO_32_BIT_CONVERSION = YES;
				GCC_WARN_ABOUT_RETURN_TYPE = YES_ERROR;
				GCC_WARN_UNDECLARED_SELECTOR = YES;
				GCC_WARN_UNINITIALIZED_AUTOS = YES_AGGRESSIVE;
				GCC_WARN_UNUSED_FUNCTION = YES;
				GCC_WARN_UNUSED_VARIABLE = YES;
				IPHONEOS_DEPLOYMENT_TARGET = 14.0;
				MTL_ENABLE_DEBUG_INFO = INCLUDE_SOURCE;
				MTL_FAST_MATH = YES;
				ONLY_ACTIVE_ARCH = YES;
				SDKROOT = iphoneos;
				SWIFT_ACTIVE_COMPILATION_CONDITIONS = DEBUG;
				SWIFT_OPTIMIZATION_LEVEL = "-Onone";
			};
			name = Debug;
		};
		036AAB6125946B830047CDAF /* Release */ = {
			isa = XCBuildConfiguration;
			buildSettings = {
				ALWAYS_SEARCH_USER_PATHS = NO;
				CLANG_ANALYZER_NONNULL = YES;
				CLANG_ANALYZER_NUMBER_OBJECT_CONVERSION = YES_AGGRESSIVE;
				CLANG_CXX_LANGUAGE_STANDARD = "gnu++14";
				CLANG_CXX_LIBRARY = "libc++";
				CLANG_ENABLE_MODULES = YES;
				CLANG_ENABLE_OBJC_ARC = YES;
				CLANG_ENABLE_OBJC_WEAK = YES;
				CLANG_WARN_BLOCK_CAPTURE_AUTORELEASING = YES;
				CLANG_WARN_BOOL_CONVERSION = YES;
				CLANG_WARN_COMMA = YES;
				CLANG_WARN_CONSTANT_CONVERSION = YES;
				CLANG_WARN_DEPRECATED_OBJC_IMPLEMENTATIONS = YES;
				CLANG_WARN_DIRECT_OBJC_ISA_USAGE = YES_ERROR;
				CLANG_WARN_DOCUMENTATION_COMMENTS = YES;
				CLANG_WARN_EMPTY_BODY = YES;
				CLANG_WARN_ENUM_CONVERSION = YES;
				CLANG_WARN_INFINITE_RECURSION = YES;
				CLANG_WARN_INT_CONVERSION = YES;
				CLANG_WARN_NON_LITERAL_NULL_CONVERSION = YES;
				CLANG_WARN_OBJC_IMPLICIT_RETAIN_SELF = YES;
				CLANG_WARN_OBJC_LITERAL_CONVERSION = YES;
				CLANG_WARN_OBJC_ROOT_CLASS = YES_ERROR;
				CLANG_WARN_QUOTED_INCLUDE_IN_FRAMEWORK_HEADER = YES;
				CLANG_WARN_RANGE_LOOP_ANALYSIS = YES;
				CLANG_WARN_STRICT_PROTOTYPES = YES;
				CLANG_WARN_SUSPICIOUS_MOVE = YES;
				CLANG_WARN_UNGUARDED_AVAILABILITY = YES_AGGRESSIVE;
				CLANG_WARN_UNREACHABLE_CODE = YES;
				CLANG_WARN__DUPLICATE_METHOD_MATCH = YES;
				COPY_PHASE_STRIP = NO;
				DEBUG_INFORMATION_FORMAT = "dwarf-with-dsym";
				ENABLE_NS_ASSERTIONS = NO;
				ENABLE_STRICT_OBJC_MSGSEND = YES;
				GCC_C_LANGUAGE_STANDARD = gnu11;
				GCC_NO_COMMON_BLOCKS = YES;
				GCC_WARN_64_TO_32_BIT_CONVERSION = YES;
				GCC_WARN_ABOUT_RETURN_TYPE = YES_ERROR;
				GCC_WARN_UNDECLARED_SELECTOR = YES;
				GCC_WARN_UNINITIALIZED_AUTOS = YES_AGGRESSIVE;
				GCC_WARN_UNUSED_FUNCTION = YES;
				GCC_WARN_UNUSED_VARIABLE = YES;
				IPHONEOS_DEPLOYMENT_TARGET = 14.0;
				MTL_ENABLE_DEBUG_INFO = NO;
				MTL_FAST_MATH = YES;
				SDKROOT = iphoneos;
				SWIFT_COMPILATION_MODE = wholemodule;
				SWIFT_OPTIMIZATION_LEVEL = "-O";
				VALIDATE_PRODUCT = YES;
			};
			name = Release;
		};
		036AAB6325946B830047CDAF /* Debug */ = {
			isa = XCBuildConfiguration;
			baseConfigurationReference = CA78CA25CE1F39D7A97623C9 /* Pods-Test.debug.xcconfig */;
			buildSettings = {
				ASSETCATALOG_COMPILER_APPICON_NAME = AppIcon;
				ASSETCATALOG_COMPILER_GLOBAL_ACCENT_COLOR_NAME = AccentColor;
				CODE_SIGN_STYLE = Automatic;
				FRAMEWORK_SEARCH_PATHS = (
					"$(inherited)",
					"\"$(PLATFORM_DIR)/Developer/Library/Frameworks\"",
					"\"${PODS_CONFIGURATION_BUILD_DIR}/Cucumberish\"",
					"$(SRCROOT)/**",
				);
				INFOPLIST_FILE = Test/Info.plist;
				LD_RUNPATH_SEARCH_PATHS = (
					"$(inherited)",
					"@executable_path/Frameworks",
				);
				PRODUCT_BUNDLE_IDENTIFIER = com.veena.ios.Test;
				PRODUCT_NAME = "$(TARGET_NAME)";
				SWIFT_VERSION = 5.0;
				TARGETED_DEVICE_FAMILY = "1,2";
			};
			name = Debug;
		};
		036AAB6425946B830047CDAF /* Release */ = {
			isa = XCBuildConfiguration;
			baseConfigurationReference = DB1FD36C98BA0D7F93AFE92A /* Pods-Test.release.xcconfig */;
			buildSettings = {
				ASSETCATALOG_COMPILER_APPICON_NAME = AppIcon;
				ASSETCATALOG_COMPILER_GLOBAL_ACCENT_COLOR_NAME = AccentColor;
				CODE_SIGN_STYLE = Automatic;
				FRAMEWORK_SEARCH_PATHS = (
					"$(inherited)",
					"\"$(PLATFORM_DIR)/Developer/Library/Frameworks\"",
					"\"${PODS_CONFIGURATION_BUILD_DIR}/Cucumberish\"",
					"$(SRCROOT)/**",
				);
				INFOPLIST_FILE = Test/Info.plist;
				LD_RUNPATH_SEARCH_PATHS = (
					"$(inherited)",
					"@executable_path/Frameworks",
				);
				PRODUCT_BUNDLE_IDENTIFIER = com.veena.ios.Test;
				PRODUCT_NAME = "$(TARGET_NAME)";
				SWIFT_VERSION = 5.0;
				TARGETED_DEVICE_FAMILY = "1,2";
			};
			name = Release;
		};
		036AAB6625946B830047CDAF /* Debug */ = {
			isa = XCBuildConfiguration;
			buildSettings = {
				ALWAYS_EMBED_SWIFT_STANDARD_LIBRARIES = YES;
				BUNDLE_LOADER = "$(TEST_HOST)";
				CODE_SIGN_STYLE = Automatic;
				INFOPLIST_FILE = TestTests/Info.plist;
				IPHONEOS_DEPLOYMENT_TARGET = 14.0;
				LD_RUNPATH_SEARCH_PATHS = (
					"$(inherited)",
					"@executable_path/Frameworks",
					"@loader_path/Frameworks",
				);
				PRODUCT_BUNDLE_IDENTIFIER = com.veena.ios.TestTests;
				PRODUCT_NAME = "$(TARGET_NAME)";
				SWIFT_VERSION = 5.0;
				SYSTEM_FRAMEWORK_SEARCH_PATHS = "$(SRCROOT)";
				TARGETED_DEVICE_FAMILY = "1,2";
				TEST_HOST = "$(BUILT_PRODUCTS_DIR)/Test.app/Test";
			};
			name = Debug;
		};
		036AAB6725946B830047CDAF /* Release */ = {
			isa = XCBuildConfiguration;
			buildSettings = {
				ALWAYS_EMBED_SWIFT_STANDARD_LIBRARIES = YES;
				BUNDLE_LOADER = "$(TEST_HOST)";
				CODE_SIGN_STYLE = Automatic;
				INFOPLIST_FILE = TestTests/Info.plist;
				IPHONEOS_DEPLOYMENT_TARGET = 14.0;
				LD_RUNPATH_SEARCH_PATHS = (
					"$(inherited)",
					"@executable_path/Frameworks",
					"@loader_path/Frameworks",
				);
				PRODUCT_BUNDLE_IDENTIFIER = com.veena.ios.TestTests;
				PRODUCT_NAME = "$(TARGET_NAME)";
				SWIFT_VERSION = 5.0;
				SYSTEM_FRAMEWORK_SEARCH_PATHS = "$(SRCROOT)";
				TARGETED_DEVICE_FAMILY = "1,2";
				TEST_HOST = "$(BUILT_PRODUCTS_DIR)/Test.app/Test";
			};
			name = Release;
		};
		036AAB6925946B830047CDAF /* Debug */ = {
			isa = XCBuildConfiguration;
			buildSettings = {
				ALWAYS_EMBED_SWIFT_STANDARD_LIBRARIES = YES;
				CLANG_ENABLE_MODULES = YES;
				CODE_SIGN_STYLE = Automatic;
				INFOPLIST_FILE = TestUITests/Info.plist;
				LD_RUNPATH_SEARCH_PATHS = (
					"$(inherited)",
					"@executable_path/Frameworks",
					"@loader_path/Frameworks",
				);
				PRODUCT_BUNDLE_IDENTIFIER = com.veena.ios.TestUITests;
				PRODUCT_NAME = "$(TARGET_NAME)";
				SWIFT_OBJC_BRIDGING_HEADER = "TestUITests/StepsDefinitions/TestUITests-Bridging-Header.h";
				SWIFT_OPTIMIZATION_LEVEL = "-Onone";
				SWIFT_VERSION = 5.0;
				SYSTEM_FRAMEWORK_SEARCH_PATHS = "$(SRCROOT)/**";
				TARGETED_DEVICE_FAMILY = "1,2";
				TEST_TARGET_NAME = Test;
			};
			name = Debug;
		};
		036AAB6A25946B830047CDAF /* Release */ = {
			isa = XCBuildConfiguration;
			buildSettings = {
				ALWAYS_EMBED_SWIFT_STANDARD_LIBRARIES = YES;
				CLANG_ENABLE_MODULES = YES;
				CODE_SIGN_STYLE = Automatic;
				INFOPLIST_FILE = TestUITests/Info.plist;
				LD_RUNPATH_SEARCH_PATHS = (
					"$(inherited)",
					"@executable_path/Frameworks",
					"@loader_path/Frameworks",
				);
				PRODUCT_BUNDLE_IDENTIFIER = com.veena.ios.TestUITests;
				PRODUCT_NAME = "$(TARGET_NAME)";
				SWIFT_OBJC_BRIDGING_HEADER = "TestUITests/StepsDefinitions/TestUITests-Bridging-Header.h";
				SWIFT_VERSION = 5.0;
				SYSTEM_FRAMEWORK_SEARCH_PATHS = "$(SRCROOT)/**";
				TARGETED_DEVICE_FAMILY = "1,2";
				TEST_TARGET_NAME = Test;
			};
			name = Release;
		};
/* End XCBuildConfiguration section */

/* Begin XCConfigurationList section */
		036AAB3325946B810047CDAF /* Build configuration list for PBXProject "Test" */ = {
			isa = XCConfigurationList;
			buildConfigurations = (
				036AAB6025946B830047CDAF /* Debug */,
				036AAB6125946B830047CDAF /* Release */,
			);
			defaultConfigurationIsVisible = 0;
			defaultConfigurationName = Release;
		};
		036AAB6225946B830047CDAF /* Build configuration list for PBXNativeTarget "Test" */ = {
			isa = XCConfigurationList;
			buildConfigurations = (
				036AAB6325946B830047CDAF /* Debug */,
				036AAB6425946B830047CDAF /* Release */,
			);
			defaultConfigurationIsVisible = 0;
			defaultConfigurationName = Release;
		};
		036AAB6525946B830047CDAF /* Build configuration list for PBXNativeTarget "TestTests" */ = {
			isa = XCConfigurationList;
			buildConfigurations = (
				036AAB6625946B830047CDAF /* Debug */,
				036AAB6725946B830047CDAF /* Release */,
			);
			defaultConfigurationIsVisible = 0;
			defaultConfigurationName = Release;
		};
		036AAB6825946B830047CDAF /* Build configuration list for PBXNativeTarget "TestUITests" */ = {
			isa = XCConfigurationList;
			buildConfigurations = (
				036AAB6925946B830047CDAF /* Debug */,
				036AAB6A25946B830047CDAF /* Release */,
			);
			defaultConfigurationIsVisible = 0;
			defaultConfigurationName = Release;
		};
/* End XCConfigurationList section */
	};
	rootObject = 036AAB3025946B810047CDAF /* Project object */;
}
